
Microsoft Visual Studio Solution File, Format Version 12.00
# Visual Studio 15
VisualStudioVersion = 15.0.27130.2027
MinimumVisualStudioVersion = 10.0.40219.1
Project("{FAE04EC0-301F-11D3-BF4B-00C04F79EFBC}") = "UI", "ProductTypeModel\UI.csproj", "{E99DB5B5-1582-4E5E-A8BE-23325784A460}"
EndProject
Project("{FAE04EC0-301F-11D3-BF4B-00C04F79EFBC}") = "Models", "Models\Models.csproj", "{7592E0C7-BE1E-47F1-9E91-DF8A9B5223E9}"
EndProject
Project("{FAE04EC0-301F-11D3-BF4B-00C04F79EFBC}") = "DAL", "DAL\DAL.csproj", "{F28F9220-3E30-4CCE-ABDF-5C3337127F55}"
EndProject
Project("{FAE04EC0-301F-11D3-BF4B-00C04F79EFBC}") = "BLL", "BLL\BLL.csproj", "{249C7A9B-7835-43D1-877A-990AB78F96BF}"
EndProject
Global
	GlobalSection(SolutionConfigurationPlatforms) = preSolution
		Debug|Any CPU = Debug|Any CPU
		Release|Any CPU = Release|Any CPU
	EndGlobalSection
	GlobalSection(ProjectConfigurationPlatforms) = postSolution
		{E99DB5B5-1582-4E5E-A8BE-23325784A460}.Debug|Any CPU.ActiveCfg = Debug|Any CPU
		{E99DB5B5-1582-4E5E-A8BE-23325784A460}.Debug|Any CPU.Build.0 = Debug|Any CPU
		{E99DB5B5-1582-4E5E-A8BE-23325784A460}.Release|Any CPU.ActiveCfg = Release|Any CPU
		{E99DB5B5-1582-4E5E-A8BE-23325784A460}.Release|Any CPU.Build.0 = Release|Any CPU
		{7592E0C7-BE1E-47F1-9E91-DF8A9B5223E9}.Debug|Any CPU.ActiveCfg = Debug|Any CPU
		{7592E0C7-BE1E-47F1-9E91-DF8A9B5223E9}.Debug|Any CPU.Build.0 = Debug|Any CPU
		{7592E0C7-BE1E-47F1-9E91-DF8A9B5223E9}.Release|Any CPU.ActiveCfg = Release|Any CPU
		{7592E0C7-BE1E-47F1-9E91-DF8A9B5223E9}.Release|Any CPU.Build.0 = Release|Any CPU
		{F28F9220-3E30-4CCE-ABDF-5C3337127F55}.Debug|Any CPU.ActiveCfg = Debug|Any CPU
		{F28F9220-3E30-4CCE-ABDF-5C3337127F55}.Debug|Any CPU.Build.0 = Debug|Any CPU
		{F28F9220-3E30-4CCE-ABDF-5C3337127F55}.Release|Any CPU.ActiveCfg = Release|Any CPU
		{F28F9220-3E30-4CCE-ABDF-5C3337127F55}.Release|Any CPU.Build.0 = Release|Any CPU
		{249C7A9B-7835-43D1-877A-990AB78F96BF}.Debug|Any CPU.ActiveCfg = Debug|Any CPU
		{249C7A9B-7835-43D1-877A-990AB78F96BF}.Debug|Any CPU.Build.0 = Debug|Any CPU
		{249C7A9B-7835-43D1-877A-990AB78F96BF}.Release|Any CPU.ActiveCfg = Release|Any CPU
		{249C7A9B-7835-43D1-877A-990AB78F96BF}.Release|Any CPU.Build.0 = Release|Any CPU
	EndGlobalSection
	GlobalSection(SolutionProperties) = preSolution
		HideSolutionNode = FALSE
	EndGlobalSection
	GlobalSection(ExtensibilityGlobals) = postSolution
		SolutionGuid = {08F62E82-0FB0-4699-9DF0-4EC51B2A50D0}
	EndGlobalSection
EndGlobal
